
Microsoft Visual Studio Solution File, Format Version 12.00
# Visual Studio 15
VisualStudioVersion = 15.0.28307.329
MinimumVisualStudioVersion = 10.0.40219.1
Project("{FAE04EC0-301F-11D3-BF4B-00C04F79EFBC}") = "MvvmLight1", "MvvmLight1\MvvmLight1.csproj", "{05B89AC2-867D-4121-824C-E8C1672FE23B}"
EndProject
Global
	GlobalSection(SolutionConfigurationPlatforms) = preSolution
		Debug|Any CPU = Debug|Any CPU
		Release|Any CPU = Release|Any CPU
	EndGlobalSection
	GlobalSection(ProjectConfigurationPlatforms) = postSolution
		{05B89AC2-867D-4121-824C-E8C1672FE23B}.Debug|Any CPU.ActiveCfg = Debug|Any CPU
		{05B89AC2-867D-4121-824C-E8C1672FE23B}.Debug|Any CPU.Build.0 = Debug|Any CPU
		{05B89AC2-867D-4121-824C-E8C1672FE23B}.Release|Any CPU.ActiveCfg = Release|Any CPU
		{05B89AC2-867D-4121-824C-E8C1672FE23B}.Release|Any CPU.Build.0 = Release|Any CPU
	EndGlobalSection
	GlobalSection(SolutionProperties) = preSolution
		HideSolutionNode = FALSE
	EndGlobalSection
	GlobalSection(ExtensibilityGlobals) = postSolution
		SolutionGuid = {4602026D-2914-4A3C-B28C-7CD44D520260}
	EndGlobalSection
EndGlobal
